<?xml version="1.0" encoding="UTF-8" standalone="yes" ?>
<CodeBlocks_project_file>
	<FileVersion major="1" minor="6" />
	<Project>
		<Option title="pixieScan" />
		<Option makefile_is_custom="1" />
		<Option pch_mode="2" />
		<Option compiler="gcc" />
		<Build>
			<Target title="master">
				<Option platforms="Unix;Mac;" />
				<Option output="pixie_ldf_c" prefix_auto="1" extension_auto="1" />
				<Option object_output="/home/vincent/programs/sources/pixieScan/obj" />
				<Option type="1" />
				<Option compiler="gcc" />
				<Option parameters="test00 &lt; scripts/test.cmd" />
				<Compiler>
					<Add option="-g" />
					<Add directory="include" />
				</Compiler>
				<MakeCommands>
					<Build command="$make -j2" />
					<CompileFile command="$make -f $makefile $file" />
					<Clean command="$make clean" />
					<DistClean command="$make -f $makefile distclean$target" />
					<AskRebuildNeeded command="$make -q -f $makefile $target" />
					<SilentBuild command="$make -j2 &gt; $(CMD_NULL)" />
				</MakeCommands>
			</Target>
		</Build>
		<Compiler>
			<Add option="-Wall" />
		</Compiler>
		<Unit filename="../pixieScanExtraProcs/inc/CrosstalkProcessor.hpp" />
		<Unit filename="../pixieScanExtraProcs/inc/E11006Processor.hpp" />
		<Unit filename="../pixieScanExtraProcs/inc/Ge4Hen3Processor.hpp" />
		<Unit filename="../pixieScanExtraProcs/inc/VandleAtLeribssProcessor.hpp" />
		<Unit filename="../pixieScanExtraProcs/src/CrosstalkProcessor.cpp" />
		<Unit filename="../pixieScanExtraProcs/src/E11006Processor.cpp" />
		<Unit filename="../pixieScanExtraProcs/src/Ge4Hen3Processor.cpp" />
		<Unit filename="../pixieScanExtraProcs/src/VandleAtLeribssProcessor.cpp" />
		<Unit filename="../pixieScanOptCfgs/077cu/Config.xml.77cu-01-4" />
		<Unit filename="../pixieScanOptCfgs/077cu/Config.xml.77cu-103" />
		<Unit filename="../pixieScanOptCfgs/077cu/Config.xml.77cu-104" />
		<Unit filename="../pixieScanOptCfgs/077cu/Config.xml.77cu-105-7" />
		<Unit filename="../pixieScanOptCfgs/077cu/Config.xml.77cu-test" />
		<Unit filename="../pixieScanOptCfgs/084ga/Config.xml.084ga-001-3" />
		<Unit filename="../pixieScanOptCfgs/ANL2013/Globals.xml" />
		<Unit filename="../pixieScanOptCfgs/ANL2013/TreeCorrelator.xml" />
		<Unit filename="../pixieScanOptCfgs/ANL2013/cal.txt" />
		<Unit filename="../pixieScanOptCfgs/ANL2013/filter.txt" />
		<Unit filename="../pixieScanOptCfgs/ANL2013/map2.txt" />
		<Unit filename="../pixieScanOptCfgs/ANL2013/qdc.txt" />
		<Unit filename="../pixieScanOptCfgs/ANL2013/timingCal.txt" />
		<Unit filename="../pixieScanOptCfgs/ANL2013/timingConstants.txt" />
		<Unit filename="../pixieScanOptCfgs/Config.xml.73cu" />
		<Unit filename="../pixieScanOptCfgs/Config.xml.73cu.save" />
		<Unit filename="../pixieScanOptCfgs/Config.xml.83ga" />
		<Unit filename="../pixieScanOptCfgs/Config.xml.85ga" />
		<Unit filename="../pixieScanOptCfgs/Config.xml.86ga" />
		<Unit filename="../pixieScanOptCfgs/Config.xml.anl2015" />
		<Unit filename="../pixieScanOptCfgs/Config.xml.doubleBetaTest" />
		<Unit filename="../pixieScanOptCfgs/Config.xml.she" />
		<Unit filename="../pixieScanOptCfgs/Config.xml.she2010" />
		<Unit filename="../pixieScanOptCfgs/Config.xml.she2010.save" />
		<Unit filename="../pixieScanOptCfgs/Config.xml.walk.save" />
		<Unit filename="../pixieScanOptCfgs/monaJan2013/Globals.xml" />
		<Unit filename="../pixieScanOptCfgs/monaJan2013/TreeCorrelator.xml" />
		<Unit filename="../pixieScanOptCfgs/monaJan2013/cal.txt" />
		<Unit filename="../pixieScanOptCfgs/monaJan2013/filter.txt" />
		<Unit filename="../pixieScanOptCfgs/monaJan2013/map2.txt" />
		<Unit filename="../pixieScanOptCfgs/monaJan2013/qdc.txt" />
		<Unit filename="../pixieScanOptCfgs/monaJan2013/timingCal.txt" />
		<Unit filename="../pixieScanOptCfgs/monaJan2013/timingConstants.txt" />
		<Unit filename="../pixieScanOptCfgs/monaMay2013/Globals.xml" />
		<Unit filename="../pixieScanOptCfgs/monaMay2013/TreeCorrelator.xml" />
		<Unit filename="../pixieScanOptCfgs/monaMay2013/cal.txt" />
		<Unit filename="../pixieScanOptCfgs/monaMay2013/filter.txt" />
		<Unit filename="../pixieScanOptCfgs/monaMay2013/map2.txt" />
		<Unit filename="../pixieScanOptCfgs/monaMay2013/qdc.txt" />
		<Unit filename="../pixieScanOptCfgs/monaMay2013/timingCal.txt" />
		<Unit filename="../pixieScanOptCfgs/monaMay2013/timingConstants.txt" />
		<Unit filename="../pixieScanOptCfgs/monaOrnl/Globals.xml" />
		<Unit filename="../pixieScanOptCfgs/monaOrnl/TreeCorrelator.xml" />
		<Unit filename="../pixieScanOptCfgs/monaOrnl/cal.txt" />
		<Unit filename="../pixieScanOptCfgs/monaOrnl/filter.txt" />
		<Unit filename="../pixieScanOptCfgs/monaOrnl/map2.txt" />
		<Unit filename="../pixieScanOptCfgs/monaOrnl/qdc.txt" />
		<Unit filename="../pixieScanOptCfgs/monaOrnl/timingCal.txt" />
		<Unit filename="../pixieScanOptCfgs/monaOrnl/timingConstants.txt" />
		<Unit filename="../pixieScanOptCfgs/nscl-gainmatching/Globals.xml" />
		<Unit filename="../pixieScanOptCfgs/nscl-gainmatching/TreeCorrelator.xml" />
		<Unit filename="../pixieScanOptCfgs/nscl-gainmatching/cal.txt" />
		<Unit filename="../pixieScanOptCfgs/nscl-gainmatching/filter.txt" />
		<Unit filename="../pixieScanOptCfgs/nscl-gainmatching/map2.txt" />
		<Unit filename="../pixieScanOptCfgs/nscl-gainmatching/qdc.txt" />
		<Unit filename="../pixieScanOptCfgs/nscl-gainmatching/timingCal.txt" />
		<Unit filename="../pixieScanOptCfgs/nscl-gainmatching/timingConstants.txt" />
		<Unit filename="../pixieScanOptCfgs/nscl-tofTest/Globals.xml" />
		<Unit filename="../pixieScanOptCfgs/nscl-tofTest/TreeCorrelator.xml" />
		<Unit filename="../pixieScanOptCfgs/nscl-tofTest/cal.txt" />
		<Unit filename="../pixieScanOptCfgs/nscl-tofTest/filter.txt" />
		<Unit filename="../pixieScanOptCfgs/nscl-tofTest/map2.txt" />
		<Unit filename="../pixieScanOptCfgs/nscl-tofTest/qdc.txt" />
		<Unit filename="../pixieScanOptCfgs/nscl-tofTest/timingCal.txt" />
		<Unit filename="../pixieScanOptCfgs/nscl-tofTest/timingConstants.txt" />
		<Unit filename=".gitignore" />
		<Unit filename="COPYRIGHT" />
		<Unit filename="LICENSE" />
		<Unit filename="Makefile" />
		<Unit filename="README.md" />
		<Unit filename="TODO" />
		<Unit filename="config/Config.xml.77cu-test" />
		<Unit filename="config/Config.xml.93br" />
		<Unit filename="config/Config.xml.cal" />
		<Unit filename="config/Config.xml.example" />
		<Unit filename="config/Config.xml.pulser" />
		<Unit filename="config/qdc.txt" />
		<Unit filename="doc/Doxyfile" />
		<Unit filename="doc/doxyPages/mainPage.dox" />
		<Unit filename="doc/tmp/doxyfile" />
		<Unit filename="include/BarBuilder.hpp" />
		<Unit filename="include/BarDetector.hpp" />
		<Unit filename="include/BeamLogicProcessor.hpp" />
		<Unit filename="include/BetaProcessor.hpp" />
		<Unit filename="include/BetaScintProcessor.hpp" />
		<Unit filename="include/Calibrator.hpp" />
		<Unit filename="include/CfdAnalyzer.hpp" />
		<Unit filename="include/ChanEvent.hpp" />
		<Unit filename="include/Correlator.hpp" />
		<Unit filename="include/DammPlotIds.hpp" />
		<Unit filename="include/DetectorDriver.hpp" />
		<Unit filename="include/DetectorLibrary.hpp" />
		<Unit filename="include/DetectorSummary.hpp" />
		<Unit filename="include/DoubleBetaProcessor.hpp" />
		<Unit filename="include/DoubleTraceAnalyzer.hpp" />
		<Unit filename="include/DssdProcessor.hpp" />
		<Unit filename="include/EventData.hpp" />
		<Unit filename="include/EventProcessor.hpp" />
		<Unit filename="include/Exceptions.hpp" />
		<Unit filename="include/FittingAnalyzer.hpp" />
		<Unit filename="include/GeCalibProcessor.hpp" />
		<Unit filename="include/GeProcessor.hpp" />
		<Unit filename="include/GetArguments.hpp" />
		<Unit filename="include/Globals.hpp" />
		<Unit filename="include/Hen3Processor.hpp" />
		<Unit filename="include/HighResTimingData.hpp" />
		<Unit filename="include/Identifier.hpp" />
		<Unit filename="include/ImplantSsdProcessor.hpp" />
		<Unit filename="include/IonChamberProcessor.hpp" />
		<Unit filename="include/LiquidProcessor.hpp" />
		<Unit filename="include/LiquidScintProcessor.hpp" />
		<Unit filename="include/LitePositionProcessor.hpp" />
		<Unit filename="include/LogicProcessor.hpp" />
		<Unit filename="include/McpProcessor.hpp" />
		<Unit filename="include/MersenneTwister.hpp" />
		<Unit filename="include/Messenger.hpp" />
		<Unit filename="include/MtcProcessor.hpp" />
		<Unit filename="include/NeutronProcessor.hpp" />
		<Unit filename="include/NeutronScintProcessor.hpp" />
		<Unit filename="include/Notebook.hpp" />
		<Unit filename="include/PlaceBuilder.hpp" />
		<Unit filename="include/Places.hpp" />
		<Unit filename="include/Plots.hpp" />
		<Unit filename="include/PlotsRegister.hpp" />
		<Unit filename="include/PositionProcessor.hpp" />
		<Unit filename="include/PulserProcessor.hpp" />
		<Unit filename="include/RandomPool.hpp" />
		<Unit filename="include/RawEvent.hpp" />
		<Unit filename="include/RootProcessor.hpp" />
		<Unit filename="include/ScintProcessor.hpp" />
		<Unit filename="include/SsdBetaProcessor.hpp" />
		<Unit filename="include/SsdProcessor.hpp" />
		<Unit filename="include/StatsData.hpp" />
		<Unit filename="include/TauAnalyzer.hpp" />
		<Unit filename="include/TeenyVandleProcessor.hpp" />
		<Unit filename="include/TemplateProcessor.hpp" />
		<Unit filename="include/TimingCalibrator.hpp" />
		<Unit filename="include/TimingMapBuilder.hpp" />
		<Unit filename="include/Trace.hpp" />
		<Unit filename="include/TraceAnalyzer.hpp" />
		<Unit filename="include/TraceExtractor.hpp" />
		<Unit filename="include/TraceFilterer.hpp" />
		<Unit filename="include/TreeCorrelator.hpp" />
		<Unit filename="include/TriggerLogicProcessor.hpp" />
		<Unit filename="include/ValidProcessor.hpp" />
		<Unit filename="include/VandleProcessor.hpp" />
		<Unit filename="include/WalkCorrector.hpp" />
		<Unit filename="include/WaveformAnalyzer.hpp" />
		<Unit filename="include/pixie16app_defs.h" />
		<Unit filename="include/pugiconfig.hpp" />
		<Unit filename="include/pugixml.hpp" />
		<Unit filename="scan/messlog.f" />
		<Unit filename="scan/mildatim.f" />
		<Unit filename="scan/scanof.f" />
		<Unit filename="scan/scanor.f" />
		<Unit filename="scan/scanorux.f" />
		<Unit filename="scan/set2cc.f" />
		<Unit filename="scripts/analyze.bash" />
		<Unit filename="scripts/cmapbill.dat" />
		<Unit filename="scripts/makedist.bash" />
		<Unit filename="scripts/map_to_config.py" />
		<Unit filename="scripts/multianalyze.bash" />
		<Unit filename="scripts/online.bash" />
		<Unit filename="scripts/start.cmd" />
		<Unit filename="scripts/test.cmd" />
		<Unit filename="src/BarBuilder.cpp" />
		<Unit filename="src/BarDetector.cpp" />
		<Unit filename="src/BeamLogicProcessor.cpp" />
		<Unit filename="src/BetaProcessor.cpp" />
		<Unit filename="src/BetaScintProcessor.cpp" />
		<Unit filename="src/Calibrator.cpp" />
		<Unit filename="src/CfdAnalyzer.cpp" />
		<Unit filename="src/ChanEvent.cpp" />
		<Unit filename="src/Correlator.cpp" />
		<Unit filename="src/DetectorDriver.cpp" />
		<Unit filename="src/DetectorLibrary.cpp" />
		<Unit filename="src/DetectorSummary.cpp" />
		<Unit filename="src/DoubleBetaProcessor.cpp" />
		<Unit filename="src/DoubleTraceAnalyzer.cpp" />
		<Unit filename="src/DssdProcessor.cpp" />
		<Unit filename="src/EventProcessor.cpp" />
		<Unit filename="src/FittingAnalyzer.cpp" />
		<Unit filename="src/GeCalibProcessor.cpp" />
		<Unit filename="src/GeProcessor.cpp" />
		<Unit filename="src/Globals.cpp" />
		<Unit filename="src/Hen3Processor.cpp" />
		<Unit filename="src/Identifier.cpp" />
		<Unit filename="src/ImplantSsdProcessor.cpp" />
		<Unit filename="src/Initialize.cpp" />
		<Unit filename="src/IonChamberProcessor.cpp" />
		<Unit filename="src/LiquidProcessor.cpp" />
		<Unit filename="src/LiquidScintProcessor.cpp" />
		<Unit filename="src/LitePositionProcessor.cpp" />
		<Unit filename="src/LogicProcessor.cpp" />
		<Unit filename="src/McpProcessor.cpp" />
		<Unit filename="src/Messenger.cpp" />
		<Unit filename="src/MtcProcessor.cpp" />
		<Unit filename="src/NeutronProcessor.cpp" />
		<Unit filename="src/NeutronScintProcessor.cpp" />
		<Unit filename="src/Notebook.cpp" />
		<Unit filename="src/PixieStd.cpp" />
		<Unit filename="src/PlaceBuilder.cpp" />
		<Unit filename="src/Places.cpp" />
		<Unit filename="src/Plots.cpp" />
		<Unit filename="src/PlotsRegister.cpp" />
		<Unit filename="src/PositionProcessor.cpp" />
		<Unit filename="src/PulserProcessor.cpp" />
		<Unit filename="src/RandomPool.cpp" />
		<Unit filename="src/RawEvent.cpp" />
		<Unit filename="src/ReadBuffData.RevA.cpp" />
		<Unit filename="src/ReadBuffData.RevD.cpp" />
		<Unit filename="src/RootProcessor.cpp" />
		<Unit filename="src/ScintProcessor.cpp" />
		<Unit filename="src/SsdBetaProcessor.cpp" />
		<Unit filename="src/SsdProcessor.cpp" />
		<Unit filename="src/StatsData.cpp" />
		<Unit filename="src/TauAnalyzer.cpp" />
		<Unit filename="src/TeenyVandleProcessor.cpp" />
		<Unit filename="src/TemplateProcessor.cpp" />
		<Unit filename="src/TimingCalibrator.cpp">
			<Option target="&lt;{~None~}&gt;" />
		</Unit>
		<Unit filename="src/TimingMapBuilder.cpp" />
		<Unit filename="src/Trace.cpp" />
		<Unit filename="src/TraceAnalyzer.cpp" />
		<Unit filename="src/TraceExtractor.cpp" />
		<Unit filename="src/TraceFilterer.cpp" />
		<Unit filename="src/TreeCorrelator.cpp" />
		<Unit filename="src/TriggerLogicProcessor.cpp" />
		<Unit filename="src/ValidProcessor.cpp" />
		<Unit filename="src/VandleProcessor.cpp" />
		<Unit filename="src/WalkCorrector.cpp" />
		<Unit filename="src/WaveformAnalyzer.cpp" />
		<Unit filename="src/pugixml.cpp" />
		<Extensions>
			<DoxyBlocks>
				<comment_style block="3" line="1" />
				<doxyfile_project output_directory="doc/tmp" />
				<doxyfile_build extract_all="1" extract_private="1" extract_static="1" />
				<doxyfile_warnings warn_if_undocumented="1" />
				<doxyfile_output latex="1" />
				<doxyfile_dot />
				<general />
			</DoxyBlocks>
			<code_completion />
			<envvars />
			<lib_finder disable_auto="1" />
			<debugger />
		</Extensions>
	</Project>
</CodeBlocks_project_file>
