<?xml version="1.0" encoding="UTF-8" standalone="yes" ?>
<CodeBlocks_project_file>
	<FileVersion major="1" minor="6" />
	<Project>
		<Option title="pixie_scan" />
		<Option makefile_is_custom="1" />
		<Option execution_dir="../../pixie_scan" />
		<Option pch_mode="2" />
		<Option compiler="gcc" />
		<MakeCommands>
			<Build command="$make -j20" />
			<CompileFile command="$make -f $makefile $file" />
			<Clean command="$make clean" />
			<DistClean command="$make -f $makefile distclean$target" />
			<AskRebuildNeeded command="$make -q -f $makefile $target" />
			<SilentBuild command="$make -j20" />
		</MakeCommands>
		<Build>
			<Target title="master">
				<Option platforms="Unix;Mac;" />
				<Option output="../pixie_ldf_c" prefix_auto="0" extension_auto="0" />
				<Option working_dir="../../pixie_scan" />
				<Option object_output="../obj" />
				<Option type="1" />
				<Option compiler="gcc" />
				<Option parameters="test00 &lt; scripts/test.cmd" />
				<Compiler>
					<Add option="-g" />
					<Add directory="include" />
				</Compiler>
				<MakeCommands>
					<Build command="$make -j20" />
					<CompileFile command="$make -f $makefile $file" />
					<Clean command="$make clean" />
					<DistClean command="$make -f $makefile distclean$target" />
					<AskRebuildNeeded command="$make -q -f $makefile $target" />
					<SilentBuild command="$make -j20" />
				</MakeCommands>
			</Target>
		</Build>
		<Compiler>
			<Add option="-Wall" />
		</Compiler>
		<Unit filename="../COPYRIGHT" />
		<Unit filename="../Config.xml" />
		<Unit filename="../LICENSE" />
		<Unit filename="../Makefile" />
		<Unit filename="../Makefile.objs" />
		<Unit filename="../README.md" />
		<Unit filename="../TODO" />
		<Unit filename="../config/anl/1471/135Sb/a135_apr_06.xml" />
		<Unit filename="../config/anl/1471/135Sb/a135_feb_02.xml" />
		<Unit filename="../config/anl/1471/135Sb/a135_feb_04.xml" />
		<Unit filename="../config/anl/1471/135Sb/a135_feb_12.xml" />
		<Unit filename="../config/anl/1471/136Sb/A136sb_06.xml" />
		<Unit filename="../config/anl/1471/136Sb/A136sb_07.xml" />
		<Unit filename="../config/anl/1471/136Sb/A136sb_08.xml" />
		<Unit filename="../config/anl/1471/136Sb/A136sb_09.xml" />
		<Unit filename="../config/anl/1471/136Sb/A136sb_10.xml" />
		<Unit filename="../config/anl/1471/136Sb/A136sb_11.xml" />
		<Unit filename="../config/anl/1471/85As/as85_apr_01.xml" />
		<Unit filename="../config/anl/1471/85As/as85_apr_03.xml" />
		<Unit filename="../config/anl/1471/85As/as85_apr_06.xml" />
		<Unit filename="../config/anl/1471/85As/as85_apr_07.xml" />
		<Unit filename="../config/anl/1471/85As/as85_apr_08.xml" />
		<Unit filename="../config/anl/1471/85As/as85_apr_10.xml" />
		<Unit filename="../config/anl/1471/85As/as85_apr_11.xml" />
		<Unit filename="../config/anl/1471/85As/as85_apr_12.xml" />
		<Unit filename="../config/anl/1471/anl2015.xml" />
		<Unit filename="../config/anl/2013/Globals.xml" />
		<Unit filename="../config/anl/2013/TreeCorrelator.xml" />
		<Unit filename="../config/anl/2013/cal.txt" />
		<Unit filename="../config/anl/2013/filter.txt" />
		<Unit filename="../config/anl/2013/map2.txt" />
		<Unit filename="../config/anl/2013/qdc.txt" />
		<Unit filename="../config/anl/2013/timingCal.txt" />
		<Unit filename="../config/anl/2013/timingConstants.txt" />
		<Unit filename="../config/examples/cal.xml" />
		<Unit filename="../config/examples/example.xml" />
		<Unit filename="../config/examples/qdc.txt" />
		<Unit filename="../config/isolde/is599-600/gcal.xml" />
		<Unit filename="../config/isolde/is599-600/is599/aug/051k/is599_51k_01.xml" />
		<Unit filename="../config/isolde/is599-600/is599/aug/052k/is599_52k_00.xml" />
		<Unit filename="../config/isolde/is599-600/is599/aug/052k/is599_52k_01.xml" />
		<Unit filename="../config/isolde/is599-600/is599/aug/052k/is599_52k_02.xml" />
		<Unit filename="../config/isolde/is599-600/is599/aug/052k/is599_52k_04.xml" />
		<Unit filename="../config/isolde/is599-600/is599/aug/052k/is599_a52_00-alt.xml" />
		<Unit filename="../config/isolde/is599-600/is599/aug/052k/is599_a52_00-mod.xml" />
		<Unit filename="../config/isolde/is599-600/is599/aug/053k/is599_53k_00.xml" />
		<Unit filename="../config/isolde/is599-600/is599/aug/053k/is599_53k_01.xml" />
		<Unit filename="../config/isolde/is599-600/is599/aug/053k/is599_53k_02.xml" />
		<Unit filename="../config/isolde/is599-600/is599/aug/053k/is599_53k_03.xml" />
		<Unit filename="../config/isolde/is599-600/is599/aug/053k/is599_53k_04.xml" />
		<Unit filename="../config/isolde/is599-600/is599/aug/053k/is599_53k_08.xml" />
		<Unit filename="../config/isolde/is599-600/is599/aug/053k/is599_53k_09.xml" />
		<Unit filename="../config/isolde/is599-600/is599/aug/053k/is599_53k_10.xml" />
		<Unit filename="../config/isolde/is599-600/is599/aug/053k/is599_53k_12.xml" />
		<Unit filename="../config/isolde/is599-600/is599/aug/054k/is599_54k_01.xml" />
		<Unit filename="../config/isolde/is599-600/is599/aug/cf05.xml" />
		<Unit filename="../config/isolde/is599-600/is599/aug/is599_07232015-1219am.xml" />
		<Unit filename="../config/isolde/is599-600/is599/oct/052k/IS599Oct_A052_02.xml" />
		<Unit filename="../config/isolde/is599-600/is599/oct/052k/IS599Oct_A052_03.xml" />
		<Unit filename="../config/isolde/is599-600/is599/oct/052k/IS599Oct_A052_04.xml" />
		<Unit filename="../config/isolde/is599-600/is599/oct/052k/IS599Oct_A052_HRS_05.xml" />
		<Unit filename="../config/isolde/is599-600/is599/oct/052k/IS599Oct_A052_HRS_06.xml" />
		<Unit filename="../config/isolde/is599-600/is599/oct/052k/IS599Oct_A052_HRS_08.xml" />
		<Unit filename="../config/isolde/is599-600/is600/is600_a130_00.xml" />
		<Unit filename="../config/isolde/is599-600/is600/is600_a83_03.xml" />
		<Unit filename="../config/isolde/is599-600/is600/is600_a83_07.xml" />
		<Unit filename="../config/isolde/is599-600/is600/is600_a83_08.xml" />
		<Unit filename="../config/isolde/is599-600/is600/is600_a83_09.xml" />
		<Unit filename="../config/isolde/is599-600/is600/is600_a83_10.xml" />
		<Unit filename="../config/isolde/is599-600/is600/is600_a83_11.xml" />
		<Unit filename="../config/isolde/is599-600/is600/is600_a83_12.xml" />
		<Unit filename="../config/isolde/is599-600/is600/is600_a83_13.xml" />
		<Unit filename="../config/isolde/is599-600/is600/is600_a83_14.xml" />
		<Unit filename="../config/isolde/is599-600/is600/is600_a83_15.xml" />
		<Unit filename="../config/isolde/is599-600/is600/is600_cf03.xml" />
		<Unit filename="../config/isolde/is599-600/master.xml" />
		<Unit filename="../config/isolde/is599-600/vcal.xml" />
		<Unit filename="../config/nscl/e11027/01-2013/Globals.xml" />
		<Unit filename="../config/nscl/e11027/01-2013/TreeCorrelator.xml" />
		<Unit filename="../config/nscl/e11027/01-2013/cal.txt" />
		<Unit filename="../config/nscl/e11027/01-2013/filter.txt" />
		<Unit filename="../config/nscl/e11027/01-2013/map2.txt" />
		<Unit filename="../config/nscl/e11027/01-2013/qdc.txt" />
		<Unit filename="../config/nscl/e11027/01-2013/timingCal.txt" />
		<Unit filename="../config/nscl/e11027/01-2013/timingConstants.txt" />
		<Unit filename="../config/nscl/e11027/05-2013/Globals.xml" />
		<Unit filename="../config/nscl/e11027/05-2013/TreeCorrelator.xml" />
		<Unit filename="../config/nscl/e11027/05-2013/cal.txt" />
		<Unit filename="../config/nscl/e11027/05-2013/filter.txt" />
		<Unit filename="../config/nscl/e11027/05-2013/map2.txt" />
		<Unit filename="../config/nscl/e11027/05-2013/qdc.txt" />
		<Unit filename="../config/nscl/e11027/05-2013/timingCal.txt" />
		<Unit filename="../config/nscl/e11027/05-2013/timingConstants.txt" />
		<Unit filename="../config/nscl/e11027/gainmatching/Globals.xml" />
		<Unit filename="../config/nscl/e11027/gainmatching/TreeCorrelator.xml" />
		<Unit filename="../config/nscl/e11027/gainmatching/cal.txt" />
		<Unit filename="../config/nscl/e11027/gainmatching/filter.txt" />
		<Unit filename="../config/nscl/e11027/gainmatching/map2.txt" />
		<Unit filename="../config/nscl/e11027/gainmatching/qdc.txt" />
		<Unit filename="../config/nscl/e11027/gainmatching/timingCal.txt" />
		<Unit filename="../config/nscl/e11027/gainmatching/timingConstants.txt" />
		<Unit filename="../config/nscl/e11027/toftest/Globals.xml" />
		<Unit filename="../config/nscl/e11027/toftest/TreeCorrelator.xml" />
		<Unit filename="../config/nscl/e11027/toftest/cal.txt" />
		<Unit filename="../config/nscl/e11027/toftest/filter.txt" />
		<Unit filename="../config/nscl/e11027/toftest/map2.txt" />
		<Unit filename="../config/nscl/e11027/toftest/qdc.txt" />
		<Unit filename="../config/nscl/e11027/toftest/timingCal.txt" />
		<Unit filename="../config/nscl/e11027/toftest/timingConstants.txt" />
		<Unit filename="../config/ornl/leribss2011/73cu.xml" />
		<Unit filename="../config/ornl/leribss2011/93br.xml" />
		<Unit filename="../config/ornl/monaOrnl/Globals.xml" />
		<Unit filename="../config/ornl/monaOrnl/TreeCorrelator.xml" />
		<Unit filename="../config/ornl/monaOrnl/cal.txt" />
		<Unit filename="../config/ornl/monaOrnl/filter.txt" />
		<Unit filename="../config/ornl/monaOrnl/map2.txt" />
		<Unit filename="../config/ornl/monaOrnl/qdc.txt" />
		<Unit filename="../config/ornl/monaOrnl/timingCal.txt" />
		<Unit filename="../config/ornl/monaOrnl/timingConstants.txt" />
		<Unit filename="../config/ornl/vandle2012/077cu/77cu-01-4.xml" />
		<Unit filename="../config/ornl/vandle2012/077cu/77cu-103.xml" />
		<Unit filename="../config/ornl/vandle2012/077cu/77cu-104.xml" />
		<Unit filename="../config/ornl/vandle2012/077cu/77cu-105-7.xml" />
		<Unit filename="../config/ornl/vandle2012/077cu/77cu-test.xml" />
		<Unit filename="../config/ornl/vandle2012/084ga/084ga-001-3.xml" />
		<Unit filename="../config/ornl/vandle2012/085as/85as-test.xml" />
		<Unit filename="../config/ornl/vandle2012/83ga.xml" />
		<Unit filename="../config/ornl/vandle2012/85ga.xml" />
		<Unit filename="../config/ornl/vandle2012/86ga.xml" />
		<Unit filename="../config/she/Config.xml.she" />
		<Unit filename="../config/she/Config.xml.she2010" />
		<Unit filename="../config/utk/labr3tst.xml" />
		<Unit filename="../config/utk/pulser.xml" />
		<Unit filename="../config/utk/sipm/doubleBetaTest.xml" />
		<Unit filename="../config/utk/sipm/sienergytst.xml" />
		<Unit filename="../config/utk/tvandleWalk.xml" />
		<Unit filename="../doc/doxyPages/mainPage.dox" />
		<Unit filename="../include/Anl1471Processor.hpp" />
		<Unit filename="../include/BarBuilder.hpp" />
		<Unit filename="../include/BarDetector.hpp" />
		<Unit filename="../include/Beta4Hen3Processor.hpp" />
		<Unit filename="../include/BetaProcessor.hpp" />
		<Unit filename="../include/BetaScintProcessor.hpp" />
		<Unit filename="../include/Calibrator.hpp" />
		<Unit filename="../include/CfdAnalyzer.hpp" />
		<Unit filename="../include/ChanEvent.hpp" />
		<Unit filename="../include/Correlator.hpp" />
		<Unit filename="../include/CrosstalkProcessor.hpp" />
		<Unit filename="../include/DammPlotIds.hpp" />
		<Unit filename="../include/DetectorDriver.hpp" />
		<Unit filename="../include/DetectorLibrary.hpp" />
		<Unit filename="../include/DetectorSummary.hpp" />
		<Unit filename="../include/DoubleBetaProcessor.hpp" />
		<Unit filename="../include/DoubleTraceAnalyzer.hpp" />
		<Unit filename="../include/Dssd4SHEProcessor.hpp" />
		<Unit filename="../include/DssdProcessor.hpp" />
		<Unit filename="../include/E11006Processor.hpp" />
		<Unit filename="../include/EventData.hpp" />
		<Unit filename="../include/EventProcessor.hpp" />
		<Unit filename="../include/Exceptions.hpp" />
		<Unit filename="../include/FittingAnalyzer.hpp" />
		<Unit filename="../include/Ge4Hen3Processor.hpp" />
		<Unit filename="../include/GeCalibProcessor.hpp" />
		<Unit filename="../include/GeProcessor.hpp" />
		<Unit filename="../include/GetArguments.hpp" />
		<Unit filename="../include/Globals.hpp" />
		<Unit filename="../include/Hen3Processor.hpp" />
		<Unit filename="../include/HighResTimingData.hpp" />
		<Unit filename="../include/IS600Processor.hpp" />
		<Unit filename="../include/Identifier.hpp" />
		<Unit filename="../include/ImplantSsdProcessor.hpp" />
		<Unit filename="../include/IonChamberProcessor.hpp" />
		<Unit filename="../include/LaBr3TestProcessor.hpp" />
		<Unit filename="../include/LiquidProcessor.hpp" />
		<Unit filename="../include/LiquidScintProcessor.hpp" />
		<Unit filename="../include/LitePositionProcessor.hpp" />
		<Unit filename="../include/LogicProcessor.hpp" />
		<Unit filename="../include/McpProcessor.hpp" />
		<Unit filename="../include/MersenneTwister.hpp" />
		<Unit filename="../include/Messenger.hpp" />
		<Unit filename="../include/NeutronProcessor.hpp" />
		<Unit filename="../include/NeutronScintProcessor.hpp" />
		<Unit filename="../include/Notebook.hpp" />
		<Unit filename="../include/PlaceBuilder.hpp" />
		<Unit filename="../include/Places.hpp" />
		<Unit filename="../include/Plots.hpp" />
		<Unit filename="../include/PlotsRegister.hpp" />
		<Unit filename="../include/PositionProcessor.hpp" />
		<Unit filename="../include/PspmtProcessor.hpp" />
		<Unit filename="../include/PulserProcessor.hpp" />
		<Unit filename="../include/RandomPool.hpp" />
		<Unit filename="../include/RawEvent.hpp" />
		<Unit filename="../include/RootProcessor.hpp" />
		<Unit filename="../include/ScintProcessor.hpp" />
		<Unit filename="../include/SheCorrelator.hpp" />
		<Unit filename="../include/SsdBetaProcessor.hpp" />
		<Unit filename="../include/SsdProcessor.hpp" />
		<Unit filename="../include/StatsData.hpp" />
		<Unit filename="../include/TauAnalyzer.hpp" />
		<Unit filename="../include/TeenyVandleProcessor.hpp" />
		<Unit filename="../include/TemplateProcessor.hpp" />
		<Unit filename="../include/TimingCalibrator.hpp" />
		<Unit filename="../include/TimingMapBuilder.hpp" />
		<Unit filename="../include/Trace.hpp" />
		<Unit filename="../include/TraceAnalyzer.hpp" />
		<Unit filename="../include/TraceExtractor.hpp" />
		<Unit filename="../include/TraceFilterer.hpp" />
		<Unit filename="../include/TreeCorrelator.hpp" />
		<Unit filename="../include/ValidProcessor.hpp" />
		<Unit filename="../include/VandleAtLeribssProcessor.hpp" />
		<Unit filename="../include/VandleProcessor.hpp" />
		<Unit filename="../include/WaaAnalyzer.hpp" />
		<Unit filename="../include/WalkCorrector.hpp" />
		<Unit filename="../include/WalkVandleBetaProcessor.hpp" />
		<Unit filename="../include/WaveformAnalyzer.hpp" />
		<Unit filename="../include/pixie16app_defs.h" />
		<Unit filename="../include/pugiconfig.hpp" />
		<Unit filename="../include/pugixml.hpp" />
		<Unit filename="../scan/messlog.f" />
		<Unit filename="../scan/mildatim.f" />
		<Unit filename="../scan/scanof.f" />
		<Unit filename="../scan/scanor.f" />
		<Unit filename="../scan/scanorux.f" />
		<Unit filename="../scan/set2cc.f" />
		<Unit filename="../scripts/analyze.bash" />
		<Unit filename="../scripts/cmapbill.dat" />
		<Unit filename="../scripts/makedist.bash" />
		<Unit filename="../scripts/map_to_config.py" />
		<Unit filename="../scripts/multianalyze.bash" />
		<Unit filename="../scripts/online.bash" />
		<Unit filename="../scripts/start.cmd" />
		<Unit filename="../scripts/tcaltoxml.awk" />
		<Unit filename="../scripts/test.cmd" />
		<Unit filename="../src/analyzers/CfdAnalyzer.cpp" />
		<Unit filename="../src/analyzers/DoubleTraceAnalyzer.cpp" />
		<Unit filename="../src/analyzers/FittingAnalyzer.cpp" />
		<Unit filename="../src/analyzers/TauAnalyzer.cpp" />
		<Unit filename="../src/analyzers/TraceAnalyzer.cpp" />
		<Unit filename="../src/analyzers/TraceExtractor.cpp" />
		<Unit filename="../src/analyzers/TraceFilterer.cpp" />
		<Unit filename="../src/analyzers/WaaAnalyzer.cpp" />
		<Unit filename="../src/analyzers/WaveformAnalyzer.cpp" />
		<Unit filename="../src/core/BarBuilder.cpp" />
		<Unit filename="../src/core/Calibrator.cpp" />
		<Unit filename="../src/core/ChanEvent.cpp" />
		<Unit filename="../src/core/Correlator.cpp" />
		<Unit filename="../src/core/DetectorDriver.cpp" />
		<Unit filename="../src/core/DetectorLibrary.cpp" />
		<Unit filename="../src/core/DetectorSummary.cpp" />
		<Unit filename="../src/core/Globals.cpp" />
		<Unit filename="../src/core/Identifier.cpp" />
		<Unit filename="../src/core/Initialize.cpp" />
		<Unit filename="../src/core/Messenger.cpp" />
		<Unit filename="../src/core/Notebook.cpp" />
		<Unit filename="../src/core/PixieStd.cpp" />
		<Unit filename="../src/core/PlaceBuilder.cpp" />
		<Unit filename="../src/core/Places.cpp" />
		<Unit filename="../src/core/Plots.cpp" />
		<Unit filename="../src/core/PlotsRegister.cpp" />
		<Unit filename="../src/core/RandomPool.cpp" />
		<Unit filename="../src/core/RawEvent.cpp" />
		<Unit filename="../src/core/ReadBuffData.RevA.cpp" />
		<Unit filename="../src/core/ReadBuffData.RevD.cpp" />
		<Unit filename="../src/core/ReadBuffData.RevF.cpp" />
		<Unit filename="../src/core/StatsData.cpp" />
		<Unit filename="../src/core/TimingCalibrator.cpp" />
		<Unit filename="../src/core/TimingMapBuilder.cpp" />
		<Unit filename="../src/core/Trace.cpp" />
		<Unit filename="../src/core/TreeCorrelator.cpp" />
		<Unit filename="../src/core/WalkCorrector.cpp" />
		<Unit filename="../src/core/pugixml.cpp" />
		<Unit filename="../src/experiment/Anl1471Processor.cpp" />
		<Unit filename="../src/experiment/Beta4Hen3Processor.cpp" />
		<Unit filename="../src/experiment/CrosstalkProcessor.cpp" />
		<Unit filename="../src/experiment/Dssd4SHEProcessor.cpp" />
		<Unit filename="../src/experiment/E11006Processor.cpp" />
		<Unit filename="../src/experiment/Ge4Hen3Processor.cpp" />
		<Unit filename="../src/experiment/IS600Processor.cpp" />
		<Unit filename="../src/experiment/LaBr3TestProcessor.cpp" />
		<Unit filename="../src/experiment/SheCorrelator.cpp" />
		<Unit filename="../src/experiment/VandleAtLeribssProcessor.cpp" />
		<Unit filename="../src/experiment/WalkVandleBetaProcessor.cpp" />
		<Unit filename="../src/processors/BetaProcessor.cpp" />
		<Unit filename="../src/processors/BetaScintProcessor.cpp" />
		<Unit filename="../src/processors/DoubleBetaProcessor.cpp" />
		<Unit filename="../src/processors/DssdProcessor.cpp" />
		<Unit filename="../src/processors/EventProcessor.cpp" />
		<Unit filename="../src/processors/GeCalibProcessor.cpp" />
		<Unit filename="../src/processors/GeProcessor.cpp" />
		<Unit filename="../src/processors/Hen3Processor.cpp" />
		<Unit filename="../src/processors/ImplantSsdProcessor.cpp" />
		<Unit filename="../src/processors/IonChamberProcessor.cpp" />
		<Unit filename="../src/processors/LiquidProcessor.cpp" />
		<Unit filename="../src/processors/LiquidScintProcessor.cpp" />
		<Unit filename="../src/processors/LitePositionProcessor.cpp" />
		<Unit filename="../src/processors/LogicProcessor.cpp" />
		<Unit filename="../src/processors/McpProcessor.cpp" />
		<Unit filename="../src/processors/NeutronProcessor.cpp" />
		<Unit filename="../src/processors/NeutronScintProcessor.cpp" />
		<Unit filename="../src/processors/PositionProcessor.cpp" />
		<Unit filename="../src/processors/PspmtProcessor.cpp" />
		<Unit filename="../src/processors/PulserProcessor.cpp" />
		<Unit filename="../src/processors/RootProcessor.cpp" />
		<Unit filename="../src/processors/ScintProcessor.cpp" />
		<Unit filename="../src/processors/SsdBetaProcessor.cpp" />
		<Unit filename="../src/processors/SsdProcessor.cpp" />
		<Unit filename="../src/processors/TeenyVandleProcessor.cpp" />
		<Unit filename="../src/processors/TemplateProcessor.cpp" />
		<Unit filename="../src/processors/ValidProcessor.cpp" />
		<Unit filename="../src/processors/VandleProcessor.cpp" />
		<Extensions>
			<DoxyBlocks>
				<comment_style block="3" line="1" />
				<doxyfile_project output_directory="doc/tmp" />
				<doxyfile_build extract_all="1" extract_private="1" extract_static="1" />
				<doxyfile_warnings warn_if_undocumented="1" />
				<doxyfile_output latex="1" />
				<doxyfile_dot />
				<general />
			</DoxyBlocks>
			<code_completion />
			<envvars />
			<lib_finder disable_auto="1" />
			<debugger />
		</Extensions>
	</Project>
</CodeBlocks_project_file>
